
Microsoft Visual Studio Solution File, Format Version 12.00
# Visual Studio Version 17
VisualStudioVersion = 17.0.32014.148
MinimumVisualStudioVersion = 10.0.40219.1
Project("{9A19103F-16F7-4668-BE54-9A1E7A4F7556}") = "MovieShopMVC", "MovieShopMVC\MovieShopMVC.csproj", "{DD505096-E55D-4161-A5D0-37548A830E6E}"
EndProject
Project("{9A19103F-16F7-4668-BE54-9A1E7A4F7556}") = "ApplicationCore", "ApplicationCore\ApplicationCore.csproj", "{D41097DA-EB46-4CE1-A06A-3832C252B536}"
EndProject
Project("{9A19103F-16F7-4668-BE54-9A1E7A4F7556}") = "Infrastructure", "Infrastructure\Infrastructure.csproj", "{75A64E69-EC91-4EE2-9026-CC16FBD6385B}"
EndProject
Project("{FAE04EC0-301F-11D3-BF4B-00C04F79EFBC}") = "MovieShop.API", "MovieShop.API\MovieShop.API.csproj", "{7A3BC177-A66B-44AE-85A6-B35178817FD5}"
EndProject
Global
	GlobalSection(SolutionConfigurationPlatforms) = preSolution
		Debug|Any CPU = Debug|Any CPU
		Release|Any CPU = Release|Any CPU
	EndGlobalSection
	GlobalSection(ProjectConfigurationPlatforms) = postSolution
		{DD505096-E55D-4161-A5D0-37548A830E6E}.Debug|Any CPU.ActiveCfg = Debug|Any CPU
		{DD505096-E55D-4161-A5D0-37548A830E6E}.Debug|Any CPU.Build.0 = Debug|Any CPU
		{DD505096-E55D-4161-A5D0-37548A830E6E}.Release|Any CPU.ActiveCfg = Release|Any CPU
		{DD505096-E55D-4161-A5D0-37548A830E6E}.Release|Any CPU.Build.0 = Release|Any CPU
		{D41097DA-EB46-4CE1-A06A-3832C252B536}.Debug|Any CPU.ActiveCfg = Debug|Any CPU
		{D41097DA-EB46-4CE1-A06A-3832C252B536}.Debug|Any CPU.Build.0 = Debug|Any CPU
		{D41097DA-EB46-4CE1-A06A-3832C252B536}.Release|Any CPU.ActiveCfg = Release|Any CPU
		{D41097DA-EB46-4CE1-A06A-3832C252B536}.Release|Any CPU.Build.0 = Release|Any CPU
		{75A64E69-EC91-4EE2-9026-CC16FBD6385B}.Debug|Any CPU.ActiveCfg = Debug|Any CPU
		{75A64E69-EC91-4EE2-9026-CC16FBD6385B}.Debug|Any CPU.Build.0 = Debug|Any CPU
		{75A64E69-EC91-4EE2-9026-CC16FBD6385B}.Release|Any CPU.ActiveCfg = Release|Any CPU
		{75A64E69-EC91-4EE2-9026-CC16FBD6385B}.Release|Any CPU.Build.0 = Release|Any CPU
		{7A3BC177-A66B-44AE-85A6-B35178817FD5}.Debug|Any CPU.ActiveCfg = Debug|Any CPU
		{7A3BC177-A66B-44AE-85A6-B35178817FD5}.Debug|Any CPU.Build.0 = Debug|Any CPU
		{7A3BC177-A66B-44AE-85A6-B35178817FD5}.Release|Any CPU.ActiveCfg = Release|Any CPU
		{7A3BC177-A66B-44AE-85A6-B35178817FD5}.Release|Any CPU.Build.0 = Release|Any CPU
	EndGlobalSection
	GlobalSection(SolutionProperties) = preSolution
		HideSolutionNode = FALSE
	EndGlobalSection
	GlobalSection(ExtensibilityGlobals) = postSolution
		SolutionGuid = {8B46A46F-0CC9-4D9F-9EA9-868EA0DAE790}
	EndGlobalSection
EndGlobal
